PODS:
  - Alamofire (5.6.1)
  - SwiftSpinner (2.2.0)
  - SwiftyJSON (4.3.0)

DEPENDENCIES:
  - Alamofire
  - SwiftSpinner
  - SwiftyJSON (~> 4.0)

SPEC REPOS:
  trunk:
    - Alamofire
    - SwiftSpinner
    - SwiftyJSON

SPEC CHECKSUMS:
  Alamofire: 87bd8c952f9a4454320fce00d9cc3de57bcadaf5
  SwiftSpinner: f9b59477fe107427f2b5b835497d6636fa167ede
  SwiftyJSON: 6faa0040f8b59dead0ee07436cbf76b73c08fd08

PODFILE CHECKSUM: 85937fb9520e21283b1561796f2d32ade945afb2

COCOAPODS: 1.11.3
